
Microsoft Visual Studio Solution File, Format Version 12.00
# Visual Studio Version 16
VisualStudioVersion = 16.0.30804.86
MinimumVisualStudioVersion = 10.0.40219.1
Project("{9A19103F-16F7-4668-BE54-9A1E7A4F7556}") = "GalaxyCheck", "src\GalaxyCheck\GalaxyCheck.csproj", "{F1F1D74E-BFED-4328-803B-9823FEBC91DC}"
EndProject
Project("{9A19103F-16F7-4668-BE54-9A1E7A4F7556}") = "GalaxyCheck.Tests", "src\GalaxyCheck.Tests\GalaxyCheck.Tests.csproj", "{9C788168-C5F9-4180-8E7E-C609A4C2A304}"
EndProject
Project("{FAE04EC0-301F-11D3-BF4B-00C04F79EFBC}") = "GalaxyCheck.Sandbox", "src\GalaxyCheck.Sandbox\GalaxyCheck.Sandbox.csproj", "{5CB4593A-D9E0-484A-A0AA-EAD7788C71E3}"
EndProject
Global
	GlobalSection(SolutionConfigurationPlatforms) = preSolution
		Debug|Any CPU = Debug|Any CPU
		Release|Any CPU = Release|Any CPU
	EndGlobalSection
	GlobalSection(ProjectConfigurationPlatforms) = postSolution
		{F1F1D74E-BFED-4328-803B-9823FEBC91DC}.Debug|Any CPU.ActiveCfg = Debug|Any CPU
		{F1F1D74E-BFED-4328-803B-9823FEBC91DC}.Debug|Any CPU.Build.0 = Debug|Any CPU
		{F1F1D74E-BFED-4328-803B-9823FEBC91DC}.Release|Any CPU.ActiveCfg = Release|Any CPU
		{F1F1D74E-BFED-4328-803B-9823FEBC91DC}.Release|Any CPU.Build.0 = Release|Any CPU
		{9C788168-C5F9-4180-8E7E-C609A4C2A304}.Debug|Any CPU.ActiveCfg = Debug|Any CPU
		{9C788168-C5F9-4180-8E7E-C609A4C2A304}.Debug|Any CPU.Build.0 = Debug|Any CPU
		{9C788168-C5F9-4180-8E7E-C609A4C2A304}.Release|Any CPU.ActiveCfg = Release|Any CPU
		{9C788168-C5F9-4180-8E7E-C609A4C2A304}.Release|Any CPU.Build.0 = Release|Any CPU
		{5CB4593A-D9E0-484A-A0AA-EAD7788C71E3}.Debug|Any CPU.ActiveCfg = Debug|Any CPU
		{5CB4593A-D9E0-484A-A0AA-EAD7788C71E3}.Debug|Any CPU.Build.0 = Debug|Any CPU
		{5CB4593A-D9E0-484A-A0AA-EAD7788C71E3}.Release|Any CPU.ActiveCfg = Release|Any CPU
		{5CB4593A-D9E0-484A-A0AA-EAD7788C71E3}.Release|Any CPU.Build.0 = Release|Any CPU
	EndGlobalSection
	GlobalSection(SolutionProperties) = preSolution
		HideSolutionNode = FALSE
	EndGlobalSection
	GlobalSection(ExtensibilityGlobals) = postSolution
		SolutionGuid = {15E48146-1EC3-4A95-8482-8E21408F43E4}
	EndGlobalSection
EndGlobal
