
Microsoft Visual Studio Solution File, Format Version 12.00
# Visual Studio Version 17
VisualStudioVersion = 17.0.31912.275
MinimumVisualStudioVersion = 10.0.40219.1
Project("{9A19103F-16F7-4668-BE54-9A1E7A4F7556}") = "GalaxyCheck", "src\GalaxyCheck\GalaxyCheck.csproj", "{F1F1D74E-BFED-4328-803B-9823FEBC91DC}"
EndProject
Project("{9A19103F-16F7-4668-BE54-9A1E7A4F7556}") = "GalaxyCheck.Sandbox", "src\GalaxyCheck.Sandbox\GalaxyCheck.Sandbox.csproj", "{5CB4593A-D9E0-484A-A0AA-EAD7788C71E3}"
EndProject
Project("{2150E333-8FDC-42A3-9474-1A3956D46DE8}") = "Solution Items", "Solution Items", "{AF6C5C2C-8D09-4C77-8D8B-4257A18A5E5E}"
	ProjectSection(SolutionItems) = preProject
		.editorconfig = .editorconfig
		nuget.config = nuget.config
	EndProjectSection
EndProject
Project("{9A19103F-16F7-4668-BE54-9A1E7A4F7556}") = "GalaxyCheck.Tests.V2", "tests\GalaxyCheck.Tests.V2\GalaxyCheck.Tests.V2.csproj", "{23BD4F58-8216-4F26-894C-F43289B7BDDA}"
EndProject
Project("{9A19103F-16F7-4668-BE54-9A1E7A4F7556}") = "GalaxyCheck.Xunit", "src\GalaxyCheck.Xunit\GalaxyCheck.Xunit.csproj", "{26069D4F-DAE3-4CD5-BB61-AF378FF021C2}"
EndProject
Project("{9A19103F-16F7-4668-BE54-9A1E7A4F7556}") = "GalaxyCheck.Xunit.Tests", "tests\GalaxyCheck.Xunit.Tests\GalaxyCheck.Xunit.Tests.csproj", "{E13F7602-3F1E-4F12-A766-ADD11BD3E409}"
EndProject
Project("{9A19103F-16F7-4668-BE54-9A1E7A4F7556}") = "GalaxyCheck.Benchmarks", "tests\GalaxyCheck.Benchmarks\GalaxyCheck.Benchmarks.csproj", "{441B28CF-1EC6-4B8E-AB4B-CDBC97C2E7EB}"
EndProject
Global
	GlobalSection(SolutionConfigurationPlatforms) = preSolution
		Debug|Any CPU = Debug|Any CPU
		Release|Any CPU = Release|Any CPU
	EndGlobalSection
	GlobalSection(ProjectConfigurationPlatforms) = postSolution
		{F1F1D74E-BFED-4328-803B-9823FEBC91DC}.Debug|Any CPU.ActiveCfg = Debug|Any CPU
		{F1F1D74E-BFED-4328-803B-9823FEBC91DC}.Debug|Any CPU.Build.0 = Debug|Any CPU
		{F1F1D74E-BFED-4328-803B-9823FEBC91DC}.Release|Any CPU.ActiveCfg = Release|Any CPU
		{F1F1D74E-BFED-4328-803B-9823FEBC91DC}.Release|Any CPU.Build.0 = Release|Any CPU
		{5CB4593A-D9E0-484A-A0AA-EAD7788C71E3}.Debug|Any CPU.ActiveCfg = Debug|Any CPU
		{5CB4593A-D9E0-484A-A0AA-EAD7788C71E3}.Debug|Any CPU.Build.0 = Debug|Any CPU
		{5CB4593A-D9E0-484A-A0AA-EAD7788C71E3}.Release|Any CPU.ActiveCfg = Release|Any CPU
		{5CB4593A-D9E0-484A-A0AA-EAD7788C71E3}.Release|Any CPU.Build.0 = Release|Any CPU
		{23BD4F58-8216-4F26-894C-F43289B7BDDA}.Debug|Any CPU.ActiveCfg = Debug|Any CPU
		{23BD4F58-8216-4F26-894C-F43289B7BDDA}.Debug|Any CPU.Build.0 = Debug|Any CPU
		{23BD4F58-8216-4F26-894C-F43289B7BDDA}.Release|Any CPU.ActiveCfg = Release|Any CPU
		{23BD4F58-8216-4F26-894C-F43289B7BDDA}.Release|Any CPU.Build.0 = Release|Any CPU
		{26069D4F-DAE3-4CD5-BB61-AF378FF021C2}.Debug|Any CPU.ActiveCfg = Debug|Any CPU
		{26069D4F-DAE3-4CD5-BB61-AF378FF021C2}.Debug|Any CPU.Build.0 = Debug|Any CPU
		{26069D4F-DAE3-4CD5-BB61-AF378FF021C2}.Release|Any CPU.ActiveCfg = Release|Any CPU
		{26069D4F-DAE3-4CD5-BB61-AF378FF021C2}.Release|Any CPU.Build.0 = Release|Any CPU
		{E13F7602-3F1E-4F12-A766-ADD11BD3E409}.Debug|Any CPU.ActiveCfg = Debug|Any CPU
		{E13F7602-3F1E-4F12-A766-ADD11BD3E409}.Debug|Any CPU.Build.0 = Debug|Any CPU
		{E13F7602-3F1E-4F12-A766-ADD11BD3E409}.Release|Any CPU.ActiveCfg = Release|Any CPU
		{E13F7602-3F1E-4F12-A766-ADD11BD3E409}.Release|Any CPU.Build.0 = Release|Any CPU
		{441B28CF-1EC6-4B8E-AB4B-CDBC97C2E7EB}.Debug|Any CPU.ActiveCfg = Debug|Any CPU
		{441B28CF-1EC6-4B8E-AB4B-CDBC97C2E7EB}.Debug|Any CPU.Build.0 = Debug|Any CPU
		{441B28CF-1EC6-4B8E-AB4B-CDBC97C2E7EB}.Release|Any CPU.ActiveCfg = Release|Any CPU
		{441B28CF-1EC6-4B8E-AB4B-CDBC97C2E7EB}.Release|Any CPU.Build.0 = Release|Any CPU
	EndGlobalSection
	GlobalSection(SolutionProperties) = preSolution
		HideSolutionNode = FALSE
	EndGlobalSection
	GlobalSection(ExtensibilityGlobals) = postSolution
		SolutionGuid = {15E48146-1EC3-4A95-8482-8E21408F43E4}
	EndGlobalSection
EndGlobal
