
Microsoft Visual Studio Solution File, Format Version 12.00
# Visual Studio Version 17
VisualStudioVersion = 17.0.31912.275
MinimumVisualStudioVersion = 10.0.40219.1
Project("{9A19103F-16F7-4668-BE54-9A1E7A4F7556}") = "GalaxyCheck", "src\GalaxyCheck\GalaxyCheck.csproj", "{F1F1D74E-BFED-4328-803B-9823FEBC91DC}"
EndProject
Project("{9A19103F-16F7-4668-BE54-9A1E7A4F7556}") = "GalaxyCheck.Sandbox", "src\GalaxyCheck.Sandbox\GalaxyCheck.Sandbox.csproj", "{5CB4593A-D9E0-484A-A0AA-EAD7788C71E3}"
EndProject
Project("{2150E333-8FDC-42A3-9474-1A3956D46DE8}") = "Solution Items", "Solution Items", "{AF6C5C2C-8D09-4C77-8D8B-4257A18A5E5E}"
	ProjectSection(SolutionItems) = preProject
		.editorconfig = .editorconfig
		nuget.config = nuget.config
	EndProjectSection
EndProject
Project("{9A19103F-16F7-4668-BE54-9A1E7A4F7556}") = "GalaxyCheck.Tests", "src\GalaxyCheck.Tests\GalaxyCheck.Tests.csproj", "{23BD4F58-8216-4F26-894C-F43289B7BDDA}"
EndProject
Project("{9A19103F-16F7-4668-BE54-9A1E7A4F7556}") = "GalaxyCheck.Xunit", "src\GalaxyCheck.Xunit\GalaxyCheck.Xunit.csproj", "{26069D4F-DAE3-4CD5-BB61-AF378FF021C2}"
EndProject
Project("{9A19103F-16F7-4668-BE54-9A1E7A4F7556}") = "GalaxyCheck.Xunit.Tests", "src\GalaxyCheck.Xunit.Tests\GalaxyCheck.Xunit.Tests.csproj", "{E13F7602-3F1E-4F12-A766-ADD11BD3E409}"
EndProject
Project("{9A19103F-16F7-4668-BE54-9A1E7A4F7556}") = "GalaxyCheck.Benchmarks", "src\GalaxyCheck.Benchmarks\GalaxyCheck.Benchmarks.csproj", "{441B28CF-1EC6-4B8E-AB4B-CDBC97C2E7EB}"
EndProject
Project("{9A19103F-16F7-4668-BE54-9A1E7A4F7556}") = "GalaxyCheck.Xunit.CodeAnalysis", "src\GalaxyCheck.Xunit.CodeAnalysis\GalaxyCheck.Xunit.CodeAnalysis.csproj", "{221C082A-3AA0-470B-BF09-399511CFD389}"
EndProject
Project("{9A19103F-16F7-4668-BE54-9A1E7A4F7556}") = "GalaxyCheck.Xunit.CodeAnalysis.Tests", "src\GalaxyCheck.Xunit.CodeAnalysis.Tests\GalaxyCheck.Xunit.CodeAnalysis.Tests.csproj", "{0BBFED38-BA46-451A-B346-67F29CFCDA04}"
EndProject
Project("{FAE04EC0-301F-11D3-BF4B-00C04F79EFBC}") = "GalaxyCheck.Tests.V3", "src\GalaxyCheck.Tests.V3\GalaxyCheck.Tests.V3.csproj", "{0C715CD7-6439-49FB-BB80-3D80D24AFE9F}"
EndProject
Project("{2150E333-8FDC-42A3-9474-1A3956D46DE8}") = "Samples", "Samples", "{AAADE7B3-18E7-42F9-BFA8-5D8F97AE0088}"
EndProject
Project("{FAE04EC0-301F-11D3-BF4B-00C04F79EFBC}") = "GalaxyCheck.Samples.EverythingIsSerializable", "samples\GalaxyCheck.Samples.EverythingIsSerializable\GalaxyCheck.Samples.EverythingIsSerializable.csproj", "{9D0FC288-5DFC-4659-A157-1E5DC4CDC137}"
EndProject
Global
	GlobalSection(SolutionConfigurationPlatforms) = preSolution
		Debug|Any CPU = Debug|Any CPU
		Release|Any CPU = Release|Any CPU
	EndGlobalSection
	GlobalSection(ProjectConfigurationPlatforms) = postSolution
		{F1F1D74E-BFED-4328-803B-9823FEBC91DC}.Debug|Any CPU.ActiveCfg = Debug|Any CPU
		{F1F1D74E-BFED-4328-803B-9823FEBC91DC}.Debug|Any CPU.Build.0 = Debug|Any CPU
		{F1F1D74E-BFED-4328-803B-9823FEBC91DC}.Release|Any CPU.ActiveCfg = Release|Any CPU
		{F1F1D74E-BFED-4328-803B-9823FEBC91DC}.Release|Any CPU.Build.0 = Release|Any CPU
		{5CB4593A-D9E0-484A-A0AA-EAD7788C71E3}.Debug|Any CPU.ActiveCfg = Debug|Any CPU
		{5CB4593A-D9E0-484A-A0AA-EAD7788C71E3}.Debug|Any CPU.Build.0 = Debug|Any CPU
		{5CB4593A-D9E0-484A-A0AA-EAD7788C71E3}.Release|Any CPU.ActiveCfg = Release|Any CPU
		{5CB4593A-D9E0-484A-A0AA-EAD7788C71E3}.Release|Any CPU.Build.0 = Release|Any CPU
		{23BD4F58-8216-4F26-894C-F43289B7BDDA}.Debug|Any CPU.ActiveCfg = Debug|Any CPU
		{23BD4F58-8216-4F26-894C-F43289B7BDDA}.Debug|Any CPU.Build.0 = Debug|Any CPU
		{23BD4F58-8216-4F26-894C-F43289B7BDDA}.Release|Any CPU.ActiveCfg = Release|Any CPU
		{23BD4F58-8216-4F26-894C-F43289B7BDDA}.Release|Any CPU.Build.0 = Release|Any CPU
		{26069D4F-DAE3-4CD5-BB61-AF378FF021C2}.Debug|Any CPU.ActiveCfg = Debug|Any CPU
		{26069D4F-DAE3-4CD5-BB61-AF378FF021C2}.Debug|Any CPU.Build.0 = Debug|Any CPU
		{26069D4F-DAE3-4CD5-BB61-AF378FF021C2}.Release|Any CPU.ActiveCfg = Release|Any CPU
		{26069D4F-DAE3-4CD5-BB61-AF378FF021C2}.Release|Any CPU.Build.0 = Release|Any CPU
		{E13F7602-3F1E-4F12-A766-ADD11BD3E409}.Debug|Any CPU.ActiveCfg = Debug|Any CPU
		{E13F7602-3F1E-4F12-A766-ADD11BD3E409}.Debug|Any CPU.Build.0 = Debug|Any CPU
		{E13F7602-3F1E-4F12-A766-ADD11BD3E409}.Release|Any CPU.ActiveCfg = Release|Any CPU
		{E13F7602-3F1E-4F12-A766-ADD11BD3E409}.Release|Any CPU.Build.0 = Release|Any CPU
		{441B28CF-1EC6-4B8E-AB4B-CDBC97C2E7EB}.Debug|Any CPU.ActiveCfg = Debug|Any CPU
		{441B28CF-1EC6-4B8E-AB4B-CDBC97C2E7EB}.Debug|Any CPU.Build.0 = Debug|Any CPU
		{441B28CF-1EC6-4B8E-AB4B-CDBC97C2E7EB}.Release|Any CPU.ActiveCfg = Release|Any CPU
		{441B28CF-1EC6-4B8E-AB4B-CDBC97C2E7EB}.Release|Any CPU.Build.0 = Release|Any CPU
		{221C082A-3AA0-470B-BF09-399511CFD389}.Debug|Any CPU.ActiveCfg = Debug|Any CPU
		{221C082A-3AA0-470B-BF09-399511CFD389}.Debug|Any CPU.Build.0 = Debug|Any CPU
		{221C082A-3AA0-470B-BF09-399511CFD389}.Release|Any CPU.ActiveCfg = Release|Any CPU
		{221C082A-3AA0-470B-BF09-399511CFD389}.Release|Any CPU.Build.0 = Release|Any CPU
		{0BBFED38-BA46-451A-B346-67F29CFCDA04}.Debug|Any CPU.ActiveCfg = Debug|Any CPU
		{0BBFED38-BA46-451A-B346-67F29CFCDA04}.Debug|Any CPU.Build.0 = Debug|Any CPU
		{0BBFED38-BA46-451A-B346-67F29CFCDA04}.Release|Any CPU.ActiveCfg = Release|Any CPU
		{0BBFED38-BA46-451A-B346-67F29CFCDA04}.Release|Any CPU.Build.0 = Release|Any CPU
		{0C715CD7-6439-49FB-BB80-3D80D24AFE9F}.Debug|Any CPU.ActiveCfg = Debug|Any CPU
		{0C715CD7-6439-49FB-BB80-3D80D24AFE9F}.Debug|Any CPU.Build.0 = Debug|Any CPU
		{0C715CD7-6439-49FB-BB80-3D80D24AFE9F}.Release|Any CPU.ActiveCfg = Release|Any CPU
		{0C715CD7-6439-49FB-BB80-3D80D24AFE9F}.Release|Any CPU.Build.0 = Release|Any CPU
		{9D0FC288-5DFC-4659-A157-1E5DC4CDC137}.Debug|Any CPU.ActiveCfg = Debug|Any CPU
		{9D0FC288-5DFC-4659-A157-1E5DC4CDC137}.Debug|Any CPU.Build.0 = Debug|Any CPU
		{9D0FC288-5DFC-4659-A157-1E5DC4CDC137}.Release|Any CPU.ActiveCfg = Release|Any CPU
		{9D0FC288-5DFC-4659-A157-1E5DC4CDC137}.Release|Any CPU.Build.0 = Release|Any CPU
	EndGlobalSection
	GlobalSection(SolutionProperties) = preSolution
		HideSolutionNode = FALSE
	EndGlobalSection
	GlobalSection(ExtensibilityGlobals) = postSolution
		SolutionGuid = {15E48146-1EC3-4A95-8482-8E21408F43E4}
	EndGlobalSection
	GlobalSection(NestedProjects) = preSolution
		{9D0FC288-5DFC-4659-A157-1E5DC4CDC137} = {AAADE7B3-18E7-42F9-BFA8-5D8F97AE0088}
	EndGlobalSection
EndGlobal
